
Microsoft Visual Studio Solution File, Format Version 12.00
# Visual Studio Version 16
VisualStudioVersion = 16.0.31112.23
MinimumVisualStudioVersion = 10.0.40219.1
Project("{9A19103F-16F7-4668-BE54-9A1E7A4F7556}") = "SimplyNews.Core", "src\SimplyNews.Core\SimplyNews.Core.csproj", "{24CA8768-4DF4-4290-9F0F-2A7447E09670}"
EndProject
Project("{FAE04EC0-301F-11D3-BF4B-00C04F79EFBC}") = "SimplyNews.Droid", "src\SimplyNews.Droid\SimplyNews.Droid.csproj", "{1032106E-5B3B-4016-81DF-3603B4D0C1CC}"
EndProject
Global
	GlobalSection(SolutionConfigurationPlatforms) = preSolution
		Debug|Any CPU = Debug|Any CPU
		Release|Any CPU = Release|Any CPU
	EndGlobalSection
	GlobalSection(ProjectConfigurationPlatforms) = postSolution
		{24CA8768-4DF4-4290-9F0F-2A7447E09670}.Debug|Any CPU.ActiveCfg = Debug|Any CPU
		{24CA8768-4DF4-4290-9F0F-2A7447E09670}.Debug|Any CPU.Build.0 = Debug|Any CPU
		{24CA8768-4DF4-4290-9F0F-2A7447E09670}.Release|Any CPU.ActiveCfg = Release|Any CPU
		{24CA8768-4DF4-4290-9F0F-2A7447E09670}.Release|Any CPU.Build.0 = Release|Any CPU
		{1032106E-5B3B-4016-81DF-3603B4D0C1CC}.Debug|Any CPU.ActiveCfg = Debug|Any CPU
		{1032106E-5B3B-4016-81DF-3603B4D0C1CC}.Debug|Any CPU.Build.0 = Debug|Any CPU
		{1032106E-5B3B-4016-81DF-3603B4D0C1CC}.Debug|Any CPU.Deploy.0 = Debug|Any CPU
		{1032106E-5B3B-4016-81DF-3603B4D0C1CC}.Release|Any CPU.ActiveCfg = Release|Any CPU
		{1032106E-5B3B-4016-81DF-3603B4D0C1CC}.Release|Any CPU.Build.0 = Release|Any CPU
		{1032106E-5B3B-4016-81DF-3603B4D0C1CC}.Release|Any CPU.Deploy.0 = Release|Any CPU
	EndGlobalSection
	GlobalSection(SolutionProperties) = preSolution
		HideSolutionNode = FALSE
	EndGlobalSection
	GlobalSection(ExtensibilityGlobals) = postSolution
		SolutionGuid = {EC786118-9659-4029-A5A1-C08D7839B95E}
	EndGlobalSection
EndGlobal
